
Microsoft Visual Studio Solution File, Format Version 12.00
# Visual Studio Version 17
VisualStudioVersion = 17.6.33927.249
MinimumVisualStudioVersion = 10.0.40219.1
Project("{FAE04EC0-301F-11D3-BF4B-00C04F79EFBC}") = "AutostrongSharp", "AutostrongSharp\AutostrongSharp.csproj", "{C2BC9B67-C37F-4116-989F-B9AC8A5D3987}"
EndProject
Project("{FAE04EC0-301F-11D3-BF4B-00C04F79EFBC}") = "AutostrongSharpCore", "AutostrongSharpCore\AutostrongSharpCore.csproj", "{EB127437-D2FF-48F0-A930-68692036C9BE}"
EndProject
Global
	GlobalSection(SolutionConfigurationPlatforms) = preSolution
		Debug|Any CPU = Debug|Any CPU
		Release|Any CPU = Release|Any CPU
	EndGlobalSection
	GlobalSection(ProjectConfigurationPlatforms) = postSolution
		{C2BC9B67-C37F-4116-989F-B9AC8A5D3987}.Debug|Any CPU.ActiveCfg = Debug|Any CPU
		{C2BC9B67-C37F-4116-989F-B9AC8A5D3987}.Debug|Any CPU.Build.0 = Debug|Any CPU
		{C2BC9B67-C37F-4116-989F-B9AC8A5D3987}.Release|Any CPU.ActiveCfg = Release|Any CPU
		{C2BC9B67-C37F-4116-989F-B9AC8A5D3987}.Release|Any CPU.Build.0 = Release|Any CPU
		{EB127437-D2FF-48F0-A930-68692036C9BE}.Debug|Any CPU.ActiveCfg = Debug|Any CPU
		{EB127437-D2FF-48F0-A930-68692036C9BE}.Debug|Any CPU.Build.0 = Debug|Any CPU
		{EB127437-D2FF-48F0-A930-68692036C9BE}.Release|Any CPU.ActiveCfg = Release|Any CPU
		{EB127437-D2FF-48F0-A930-68692036C9BE}.Release|Any CPU.Build.0 = Release|Any CPU
	EndGlobalSection
	GlobalSection(SolutionProperties) = preSolution
		HideSolutionNode = FALSE
	EndGlobalSection
	GlobalSection(ExtensibilityGlobals) = postSolution
		SolutionGuid = {9D88126C-7046-4D4D-8C22-229A6FDA8C12}
	EndGlobalSection
EndGlobal
